
Microsoft Visual Studio Solution File, Format Version 12.00
# Visual Studio 14
VisualStudioVersion = 14.0.23107.0
MinimumVisualStudioVersion = 10.0.40219.1
Project("{FAE04EC0-301F-11D3-BF4B-00C04F79EFBC}") = "PokemonGo.RocketAPI.Window", "PokemonGo\RocketAPI\Window\PokemonGo.RocketAPI.Window.csproj", "{C85B9D78-9CA3-4830-84CD-6B69090B987F}"
EndProject
Project("{FAE04EC0-301F-11D3-BF4B-00C04F79EFBC}") = "PokemonGo.Bot", "PokemonGo.Bot\PokemonGo.Bot.csproj", "{CC21D8B4-E64B-4D37-902F-4DDE004B6D4D}"
EndProject
Project("{FAE04EC0-301F-11D3-BF4B-00C04F79EFBC}") = "PokemonGo.WPF", "PokemonGo.WPF\PokemonGo.WPF.csproj", "{6397D8A2-7A3E-4B35-862E-21BBA74827C4}"
EndProject
Project("{FAE04EC0-301F-11D3-BF4B-00C04F79EFBC}") = "PokemonGo.RocketAPI", "PoGoRocketAPI\PokemonGo.RocketAPI\PokemonGo.RocketAPI.csproj", "{05D2DA44-1B8E-4CF7-94ED-4D52451CD095}"
EndProject
Project("{FAE04EC0-301F-11D3-BF4B-00C04F79EFBC}") = "POGOProtos", "PoGoProtos\POGOProtos\POGOProtos.csproj", "{A03A7BB2-4F0B-467B-84B2-9A76E6AAE6FB}"
EndProject
Global
	GlobalSection(SolutionConfigurationPlatforms) = preSolution
		Debug|Any CPU = Debug|Any CPU
		Release|Any CPU = Release|Any CPU
	EndGlobalSection
	GlobalSection(ProjectConfigurationPlatforms) = postSolution
		{C85B9D78-9CA3-4830-84CD-6B69090B987F}.Debug|Any CPU.ActiveCfg = Debug|Any CPU
		{C85B9D78-9CA3-4830-84CD-6B69090B987F}.Debug|Any CPU.Build.0 = Debug|Any CPU
		{C85B9D78-9CA3-4830-84CD-6B69090B987F}.Release|Any CPU.ActiveCfg = Release|Any CPU
		{C85B9D78-9CA3-4830-84CD-6B69090B987F}.Release|Any CPU.Build.0 = Release|Any CPU
		{CC21D8B4-E64B-4D37-902F-4DDE004B6D4D}.Debug|Any CPU.ActiveCfg = Debug|Any CPU
		{CC21D8B4-E64B-4D37-902F-4DDE004B6D4D}.Debug|Any CPU.Build.0 = Debug|Any CPU
		{CC21D8B4-E64B-4D37-902F-4DDE004B6D4D}.Release|Any CPU.ActiveCfg = Release|Any CPU
		{CC21D8B4-E64B-4D37-902F-4DDE004B6D4D}.Release|Any CPU.Build.0 = Release|Any CPU
		{6397D8A2-7A3E-4B35-862E-21BBA74827C4}.Debug|Any CPU.ActiveCfg = Debug|Any CPU
		{6397D8A2-7A3E-4B35-862E-21BBA74827C4}.Debug|Any CPU.Build.0 = Debug|Any CPU
		{6397D8A2-7A3E-4B35-862E-21BBA74827C4}.Release|Any CPU.ActiveCfg = Release|Any CPU
		{6397D8A2-7A3E-4B35-862E-21BBA74827C4}.Release|Any CPU.Build.0 = Release|Any CPU
		{05D2DA44-1B8E-4CF7-94ED-4D52451CD095}.Debug|Any CPU.ActiveCfg = Debug|Any CPU
		{05D2DA44-1B8E-4CF7-94ED-4D52451CD095}.Debug|Any CPU.Build.0 = Debug|Any CPU
		{05D2DA44-1B8E-4CF7-94ED-4D52451CD095}.Release|Any CPU.ActiveCfg = Release|Any CPU
		{05D2DA44-1B8E-4CF7-94ED-4D52451CD095}.Release|Any CPU.Build.0 = Release|Any CPU
		{A03A7BB2-4F0B-467B-84B2-9A76E6AAE6FB}.Debug|Any CPU.ActiveCfg = Debug|Any CPU
		{A03A7BB2-4F0B-467B-84B2-9A76E6AAE6FB}.Debug|Any CPU.Build.0 = Debug|Any CPU
		{A03A7BB2-4F0B-467B-84B2-9A76E6AAE6FB}.Release|Any CPU.ActiveCfg = Release|Any CPU
		{A03A7BB2-4F0B-467B-84B2-9A76E6AAE6FB}.Release|Any CPU.Build.0 = Release|Any CPU
	EndGlobalSection
	GlobalSection(SolutionProperties) = preSolution
		HideSolutionNode = FALSE
	EndGlobalSection
	GlobalSection(ExtensibilityGlobals) = postSolution
		EnterpriseLibraryConfigurationToolBinariesPathV6 = packages\EnterpriseLibrary.TransientFaultHandling.6.0.1304.0\lib\portable-net45+win+wp8;packages\EnterpriseLibrary.TransientFaultHandling.Data.6.0.1304.1\lib\NET45
	EndGlobalSection
EndGlobal
