
Microsoft Visual Studio Solution File, Format Version 12.00
# Visual Studio 15
VisualStudioVersion = 15.0.26403.0
MinimumVisualStudioVersion = 10.0.40219.1
Project("{FAE04EC0-301F-11D3-BF4B-00C04F79EFBC}") = "RocketBot2", "RocketBot2\RocketBot2.csproj", "{42B07AE9-E643-4212-A7DB-0611F9059670}"
	ProjectSection(ProjectDependencies) = postProject
		{0739E40D-C589-4AEB-93E5-EE8CD6773C60} = {0739E40D-C589-4AEB-93E5-EE8CD6773C60}
		{05D2DA44-1B8E-4CF7-94ED-4D52451CD095} = {05D2DA44-1B8E-4CF7-94ED-4D52451CD095}
		{A03A7BB2-4F0B-467B-84B2-9A76E6AAE6FB} = {A03A7BB2-4F0B-467B-84B2-9A76E6AAE6FB}
	EndProjectSection
EndProject
Project("{FAE04EC0-301F-11D3-BF4B-00C04F79EFBC}") = "PokemonGo.RocketAPI", "FeroxRev\PokemonGo.RocketAPI.csproj", "{05D2DA44-1B8E-4CF7-94ED-4D52451CD095}"
	ProjectSection(ProjectDependencies) = postProject
		{A03A7BB2-4F0B-467B-84B2-9A76E6AAE6FB} = {A03A7BB2-4F0B-467B-84B2-9A76E6AAE6FB}
	EndProjectSection
EndProject
Project("{FAE04EC0-301F-11D3-BF4B-00C04F79EFBC}") = "PoGo.NecroBot.Logic", "PoGo.NecroBot.Logic\PoGo.NecroBot.Logic.csproj", "{0739E40D-C589-4AEB-93E5-EE8CD6773C60}"
	ProjectSection(ProjectDependencies) = postProject
		{05D2DA44-1B8E-4CF7-94ED-4D52451CD095} = {05D2DA44-1B8E-4CF7-94ED-4D52451CD095}
		{A03A7BB2-4F0B-467B-84B2-9A76E6AAE6FB} = {A03A7BB2-4F0B-467B-84B2-9A76E6AAE6FB}
	EndProjectSection
EndProject
Project("{262852C6-CD72-467D-83FE-5EEB1973A190}") = "RocketBot2-APK", "PokeEase\RocketBot2-APK.jsproj", "{D7310128-97E4-4096-8679-93577CD08C06}"
EndProject
Project("{FAE04EC0-301F-11D3-BF4B-00C04F79EFBC}") = "POGOProtos", "POGOProtos\POGOProtos.csproj", "{A03A7BB2-4F0B-467B-84B2-9A76E6AAE6FB}"
EndProject
Global
	GlobalSection(SolutionConfigurationPlatforms) = preSolution
		Debug RocketBot|Android = Debug RocketBot|Android
		Debug RocketBot|Any CPU = Debug RocketBot|Any CPU
		Debug RocketBot|iOS = Debug RocketBot|iOS
		Debug RocketBot|Windows Phone (Universal) = Debug RocketBot|Windows Phone (Universal)
		Debug RocketBot|Windows Phone 8 = Debug RocketBot|Windows Phone 8
		Debug RocketBot|Windows-AnyCPU = Debug RocketBot|Windows-AnyCPU
		Debug RocketBot|Windows-ARM = Debug RocketBot|Windows-ARM
		Debug RocketBot|Windows-x64 = Debug RocketBot|Windows-x64
		Debug RocketBot|Windows-x86 = Debug RocketBot|Windows-x86
		Debug RocketBot|x64 = Debug RocketBot|x64
		Debug RocketBot|x86 = Debug RocketBot|x86
		Debug|Android = Debug|Android
		Debug|Any CPU = Debug|Any CPU
		Debug|iOS = Debug|iOS
		Debug|Windows Phone (Universal) = Debug|Windows Phone (Universal)
		Debug|Windows Phone 8 = Debug|Windows Phone 8
		Debug|Windows-AnyCPU = Debug|Windows-AnyCPU
		Debug|Windows-ARM = Debug|Windows-ARM
		Debug|Windows-x64 = Debug|Windows-x64
		Debug|Windows-x86 = Debug|Windows-x86
		Debug|x64 = Debug|x64
		Debug|x86 = Debug|x86
		Release RocketBot|Android = Release RocketBot|Android
		Release RocketBot|Any CPU = Release RocketBot|Any CPU
		Release RocketBot|iOS = Release RocketBot|iOS
		Release RocketBot|Windows Phone (Universal) = Release RocketBot|Windows Phone (Universal)
		Release RocketBot|Windows Phone 8 = Release RocketBot|Windows Phone 8
		Release RocketBot|Windows-AnyCPU = Release RocketBot|Windows-AnyCPU
		Release RocketBot|Windows-ARM = Release RocketBot|Windows-ARM
		Release RocketBot|Windows-x64 = Release RocketBot|Windows-x64
		Release RocketBot|Windows-x86 = Release RocketBot|Windows-x86
		Release RocketBot|x64 = Release RocketBot|x64
		Release RocketBot|x86 = Release RocketBot|x86
		Release|Android = Release|Android
		Release|Any CPU = Release|Any CPU
		Release|iOS = Release|iOS
		Release|Windows Phone (Universal) = Release|Windows Phone (Universal)
		Release|Windows Phone 8 = Release|Windows Phone 8
		Release|Windows-AnyCPU = Release|Windows-AnyCPU
		Release|Windows-ARM = Release|Windows-ARM
		Release|Windows-x64 = Release|Windows-x64
		Release|Windows-x86 = Release|Windows-x86
		Release|x64 = Release|x64
		Release|x86 = Release|x86
	EndGlobalSection
	GlobalSection(ProjectConfigurationPlatforms) = postSolution
		{42B07AE9-E643-4212-A7DB-0611F9059670}.Debug RocketBot|Android.ActiveCfg = Debug|Any CPU
		{42B07AE9-E643-4212-A7DB-0611F9059670}.Debug RocketBot|Android.Build.0 = Debug|Any CPU
		{42B07AE9-E643-4212-A7DB-0611F9059670}.Debug RocketBot|Any CPU.ActiveCfg = Debug|Any CPU
		{42B07AE9-E643-4212-A7DB-0611F9059670}.Debug RocketBot|Any CPU.Build.0 = Debug|Any CPU
		{42B07AE9-E643-4212-A7DB-0611F9059670}.Debug RocketBot|iOS.ActiveCfg = Debug|Any CPU
		{42B07AE9-E643-4212-A7DB-0611F9059670}.Debug RocketBot|iOS.Build.0 = Debug|Any CPU
		{42B07AE9-E643-4212-A7DB-0611F9059670}.Debug RocketBot|Windows Phone (Universal).ActiveCfg = Debug|Any CPU
		{42B07AE9-E643-4212-A7DB-0611F9059670}.Debug RocketBot|Windows Phone (Universal).Build.0 = Debug|Any CPU
		{42B07AE9-E643-4212-A7DB-0611F9059670}.Debug RocketBot|Windows Phone 8.ActiveCfg = Debug|Any CPU
		{42B07AE9-E643-4212-A7DB-0611F9059670}.Debug RocketBot|Windows Phone 8.Build.0 = Debug|Any CPU
		{42B07AE9-E643-4212-A7DB-0611F9059670}.Debug RocketBot|Windows-AnyCPU.ActiveCfg = Debug|Any CPU
		{42B07AE9-E643-4212-A7DB-0611F9059670}.Debug RocketBot|Windows-AnyCPU.Build.0 = Debug|Any CPU
		{42B07AE9-E643-4212-A7DB-0611F9059670}.Debug RocketBot|Windows-ARM.ActiveCfg = Debug|Any CPU
		{42B07AE9-E643-4212-A7DB-0611F9059670}.Debug RocketBot|Windows-ARM.Build.0 = Debug|Any CPU
		{42B07AE9-E643-4212-A7DB-0611F9059670}.Debug RocketBot|Windows-x64.ActiveCfg = Debug|x64
		{42B07AE9-E643-4212-A7DB-0611F9059670}.Debug RocketBot|Windows-x64.Build.0 = Debug|x64
		{42B07AE9-E643-4212-A7DB-0611F9059670}.Debug RocketBot|Windows-x86.ActiveCfg = Debug|x86
		{42B07AE9-E643-4212-A7DB-0611F9059670}.Debug RocketBot|Windows-x86.Build.0 = Debug|x86
		{42B07AE9-E643-4212-A7DB-0611F9059670}.Debug RocketBot|x64.ActiveCfg = Debug|x64
		{42B07AE9-E643-4212-A7DB-0611F9059670}.Debug RocketBot|x64.Build.0 = Debug|x64
		{42B07AE9-E643-4212-A7DB-0611F9059670}.Debug RocketBot|x86.ActiveCfg = Debug|x86
		{42B07AE9-E643-4212-A7DB-0611F9059670}.Debug RocketBot|x86.Build.0 = Debug|x86
		{42B07AE9-E643-4212-A7DB-0611F9059670}.Debug|Android.ActiveCfg = Debug|Any CPU
		{42B07AE9-E643-4212-A7DB-0611F9059670}.Debug|Android.Build.0 = Debug|Any CPU
		{42B07AE9-E643-4212-A7DB-0611F9059670}.Debug|Any CPU.ActiveCfg = Debug|Any CPU
		{42B07AE9-E643-4212-A7DB-0611F9059670}.Debug|Any CPU.Build.0 = Debug|Any CPU
		{42B07AE9-E643-4212-A7DB-0611F9059670}.Debug|iOS.ActiveCfg = Debug|Any CPU
		{42B07AE9-E643-4212-A7DB-0611F9059670}.Debug|iOS.Build.0 = Debug|Any CPU
		{42B07AE9-E643-4212-A7DB-0611F9059670}.Debug|Windows Phone (Universal).ActiveCfg = Debug|Any CPU
		{42B07AE9-E643-4212-A7DB-0611F9059670}.Debug|Windows Phone (Universal).Build.0 = Debug|Any CPU
		{42B07AE9-E643-4212-A7DB-0611F9059670}.Debug|Windows Phone 8.ActiveCfg = Debug|Any CPU
		{42B07AE9-E643-4212-A7DB-0611F9059670}.Debug|Windows Phone 8.Build.0 = Debug|Any CPU
		{42B07AE9-E643-4212-A7DB-0611F9059670}.Debug|Windows-AnyCPU.ActiveCfg = Debug|Any CPU
		{42B07AE9-E643-4212-A7DB-0611F9059670}.Debug|Windows-AnyCPU.Build.0 = Debug|Any CPU
		{42B07AE9-E643-4212-A7DB-0611F9059670}.Debug|Windows-ARM.ActiveCfg = Debug|Any CPU
		{42B07AE9-E643-4212-A7DB-0611F9059670}.Debug|Windows-ARM.Build.0 = Debug|Any CPU
		{42B07AE9-E643-4212-A7DB-0611F9059670}.Debug|Windows-x64.ActiveCfg = Debug|x64
		{42B07AE9-E643-4212-A7DB-0611F9059670}.Debug|Windows-x64.Build.0 = Debug|x64
		{42B07AE9-E643-4212-A7DB-0611F9059670}.Debug|Windows-x86.ActiveCfg = Debug|x86
		{42B07AE9-E643-4212-A7DB-0611F9059670}.Debug|Windows-x86.Build.0 = Debug|x86
		{42B07AE9-E643-4212-A7DB-0611F9059670}.Debug|x64.ActiveCfg = Debug|x64
		{42B07AE9-E643-4212-A7DB-0611F9059670}.Debug|x64.Build.0 = Debug|x64
		{42B07AE9-E643-4212-A7DB-0611F9059670}.Debug|x86.ActiveCfg = Debug|x86
		{42B07AE9-E643-4212-A7DB-0611F9059670}.Debug|x86.Build.0 = Debug|x86
		{42B07AE9-E643-4212-A7DB-0611F9059670}.Release RocketBot|Android.ActiveCfg = Release|Any CPU
		{42B07AE9-E643-4212-A7DB-0611F9059670}.Release RocketBot|Android.Build.0 = Release|Any CPU
		{42B07AE9-E643-4212-A7DB-0611F9059670}.Release RocketBot|Any CPU.ActiveCfg = Release|Any CPU
		{42B07AE9-E643-4212-A7DB-0611F9059670}.Release RocketBot|Any CPU.Build.0 = Release|Any CPU
		{42B07AE9-E643-4212-A7DB-0611F9059670}.Release RocketBot|iOS.ActiveCfg = Release|Any CPU
		{42B07AE9-E643-4212-A7DB-0611F9059670}.Release RocketBot|iOS.Build.0 = Release|Any CPU
		{42B07AE9-E643-4212-A7DB-0611F9059670}.Release RocketBot|Windows Phone (Universal).ActiveCfg = Release|Any CPU
		{42B07AE9-E643-4212-A7DB-0611F9059670}.Release RocketBot|Windows Phone (Universal).Build.0 = Release|Any CPU
		{42B07AE9-E643-4212-A7DB-0611F9059670}.Release RocketBot|Windows Phone 8.ActiveCfg = Release|Any CPU
		{42B07AE9-E643-4212-A7DB-0611F9059670}.Release RocketBot|Windows Phone 8.Build.0 = Release|Any CPU
		{42B07AE9-E643-4212-A7DB-0611F9059670}.Release RocketBot|Windows-AnyCPU.ActiveCfg = Release|Any CPU
		{42B07AE9-E643-4212-A7DB-0611F9059670}.Release RocketBot|Windows-AnyCPU.Build.0 = Release|Any CPU
		{42B07AE9-E643-4212-A7DB-0611F9059670}.Release RocketBot|Windows-ARM.ActiveCfg = Release|Any CPU
		{42B07AE9-E643-4212-A7DB-0611F9059670}.Release RocketBot|Windows-ARM.Build.0 = Release|Any CPU
		{42B07AE9-E643-4212-A7DB-0611F9059670}.Release RocketBot|Windows-x64.ActiveCfg = Release|x64
		{42B07AE9-E643-4212-A7DB-0611F9059670}.Release RocketBot|Windows-x64.Build.0 = Release|x64
		{42B07AE9-E643-4212-A7DB-0611F9059670}.Release RocketBot|Windows-x86.ActiveCfg = Release|x86
		{42B07AE9-E643-4212-A7DB-0611F9059670}.Release RocketBot|Windows-x86.Build.0 = Release|x86
		{42B07AE9-E643-4212-A7DB-0611F9059670}.Release RocketBot|x64.ActiveCfg = Release|x64
		{42B07AE9-E643-4212-A7DB-0611F9059670}.Release RocketBot|x64.Build.0 = Release|x64
		{42B07AE9-E643-4212-A7DB-0611F9059670}.Release RocketBot|x86.ActiveCfg = Release|x86
		{42B07AE9-E643-4212-A7DB-0611F9059670}.Release RocketBot|x86.Build.0 = Release|x86
		{42B07AE9-E643-4212-A7DB-0611F9059670}.Release|Android.ActiveCfg = Release|Any CPU
		{42B07AE9-E643-4212-A7DB-0611F9059670}.Release|Android.Build.0 = Release|Any CPU
		{42B07AE9-E643-4212-A7DB-0611F9059670}.Release|Any CPU.ActiveCfg = Release|Any CPU
		{42B07AE9-E643-4212-A7DB-0611F9059670}.Release|Any CPU.Build.0 = Release|Any CPU
		{42B07AE9-E643-4212-A7DB-0611F9059670}.Release|iOS.ActiveCfg = Release|Any CPU
		{42B07AE9-E643-4212-A7DB-0611F9059670}.Release|iOS.Build.0 = Release|Any CPU
		{42B07AE9-E643-4212-A7DB-0611F9059670}.Release|Windows Phone (Universal).ActiveCfg = Release|Any CPU
		{42B07AE9-E643-4212-A7DB-0611F9059670}.Release|Windows Phone (Universal).Build.0 = Release|Any CPU
		{42B07AE9-E643-4212-A7DB-0611F9059670}.Release|Windows Phone 8.ActiveCfg = Release|Any CPU
		{42B07AE9-E643-4212-A7DB-0611F9059670}.Release|Windows Phone 8.Build.0 = Release|Any CPU
		{42B07AE9-E643-4212-A7DB-0611F9059670}.Release|Windows-AnyCPU.ActiveCfg = Release|Any CPU
		{42B07AE9-E643-4212-A7DB-0611F9059670}.Release|Windows-AnyCPU.Build.0 = Release|Any CPU
		{42B07AE9-E643-4212-A7DB-0611F9059670}.Release|Windows-ARM.ActiveCfg = Release|Any CPU
		{42B07AE9-E643-4212-A7DB-0611F9059670}.Release|Windows-ARM.Build.0 = Release|Any CPU
		{42B07AE9-E643-4212-A7DB-0611F9059670}.Release|Windows-x64.ActiveCfg = Release|x64
		{42B07AE9-E643-4212-A7DB-0611F9059670}.Release|Windows-x64.Build.0 = Release|x64
		{42B07AE9-E643-4212-A7DB-0611F9059670}.Release|Windows-x86.ActiveCfg = Release|x86
		{42B07AE9-E643-4212-A7DB-0611F9059670}.Release|Windows-x86.Build.0 = Release|x86
		{42B07AE9-E643-4212-A7DB-0611F9059670}.Release|x64.ActiveCfg = Release|x64
		{42B07AE9-E643-4212-A7DB-0611F9059670}.Release|x64.Build.0 = Release|x64
		{42B07AE9-E643-4212-A7DB-0611F9059670}.Release|x86.ActiveCfg = Release|x86
		{42B07AE9-E643-4212-A7DB-0611F9059670}.Release|x86.Build.0 = Release|x86
		{05D2DA44-1B8E-4CF7-94ED-4D52451CD095}.Debug RocketBot|Android.ActiveCfg = Debug|Any CPU
		{05D2DA44-1B8E-4CF7-94ED-4D52451CD095}.Debug RocketBot|Android.Build.0 = Debug|Any CPU
		{05D2DA44-1B8E-4CF7-94ED-4D52451CD095}.Debug RocketBot|Any CPU.ActiveCfg = Debug|Any CPU
		{05D2DA44-1B8E-4CF7-94ED-4D52451CD095}.Debug RocketBot|Any CPU.Build.0 = Debug|Any CPU
		{05D2DA44-1B8E-4CF7-94ED-4D52451CD095}.Debug RocketBot|iOS.ActiveCfg = Debug|Any CPU
		{05D2DA44-1B8E-4CF7-94ED-4D52451CD095}.Debug RocketBot|iOS.Build.0 = Debug|Any CPU
		{05D2DA44-1B8E-4CF7-94ED-4D52451CD095}.Debug RocketBot|Windows Phone (Universal).ActiveCfg = Debug|Any CPU
		{05D2DA44-1B8E-4CF7-94ED-4D52451CD095}.Debug RocketBot|Windows Phone (Universal).Build.0 = Debug|Any CPU
		{05D2DA44-1B8E-4CF7-94ED-4D52451CD095}.Debug RocketBot|Windows Phone 8.ActiveCfg = Debug|Any CPU
		{05D2DA44-1B8E-4CF7-94ED-4D52451CD095}.Debug RocketBot|Windows Phone 8.Build.0 = Debug|Any CPU
		{05D2DA44-1B8E-4CF7-94ED-4D52451CD095}.Debug RocketBot|Windows-AnyCPU.ActiveCfg = Debug|Any CPU
		{05D2DA44-1B8E-4CF7-94ED-4D52451CD095}.Debug RocketBot|Windows-AnyCPU.Build.0 = Debug|Any CPU
		{05D2DA44-1B8E-4CF7-94ED-4D52451CD095}.Debug RocketBot|Windows-ARM.ActiveCfg = Debug|Any CPU
		{05D2DA44-1B8E-4CF7-94ED-4D52451CD095}.Debug RocketBot|Windows-ARM.Build.0 = Debug|Any CPU
		{05D2DA44-1B8E-4CF7-94ED-4D52451CD095}.Debug RocketBot|Windows-x64.ActiveCfg = Debug|x64
		{05D2DA44-1B8E-4CF7-94ED-4D52451CD095}.Debug RocketBot|Windows-x64.Build.0 = Debug|x64
		{05D2DA44-1B8E-4CF7-94ED-4D52451CD095}.Debug RocketBot|Windows-x86.ActiveCfg = Debug|x86
		{05D2DA44-1B8E-4CF7-94ED-4D52451CD095}.Debug RocketBot|Windows-x86.Build.0 = Debug|x86
		{05D2DA44-1B8E-4CF7-94ED-4D52451CD095}.Debug RocketBot|x64.ActiveCfg = Debug|x64
		{05D2DA44-1B8E-4CF7-94ED-4D52451CD095}.Debug RocketBot|x64.Build.0 = Debug|x64
		{05D2DA44-1B8E-4CF7-94ED-4D52451CD095}.Debug RocketBot|x86.ActiveCfg = Debug|x86
		{05D2DA44-1B8E-4CF7-94ED-4D52451CD095}.Debug RocketBot|x86.Build.0 = Debug|x86
		{05D2DA44-1B8E-4CF7-94ED-4D52451CD095}.Debug|Android.ActiveCfg = Debug|Any CPU
		{05D2DA44-1B8E-4CF7-94ED-4D52451CD095}.Debug|Android.Build.0 = Debug|Any CPU
		{05D2DA44-1B8E-4CF7-94ED-4D52451CD095}.Debug|Any CPU.ActiveCfg = Debug|Any CPU
		{05D2DA44-1B8E-4CF7-94ED-4D52451CD095}.Debug|Any CPU.Build.0 = Debug|Any CPU
		{05D2DA44-1B8E-4CF7-94ED-4D52451CD095}.Debug|iOS.ActiveCfg = Debug|Any CPU
		{05D2DA44-1B8E-4CF7-94ED-4D52451CD095}.Debug|iOS.Build.0 = Debug|Any CPU
		{05D2DA44-1B8E-4CF7-94ED-4D52451CD095}.Debug|Windows Phone (Universal).ActiveCfg = Debug|Any CPU
		{05D2DA44-1B8E-4CF7-94ED-4D52451CD095}.Debug|Windows Phone (Universal).Build.0 = Debug|Any CPU
		{05D2DA44-1B8E-4CF7-94ED-4D52451CD095}.Debug|Windows Phone 8.ActiveCfg = Debug|Any CPU
		{05D2DA44-1B8E-4CF7-94ED-4D52451CD095}.Debug|Windows Phone 8.Build.0 = Debug|Any CPU
		{05D2DA44-1B8E-4CF7-94ED-4D52451CD095}.Debug|Windows-AnyCPU.ActiveCfg = Debug|Any CPU
		{05D2DA44-1B8E-4CF7-94ED-4D52451CD095}.Debug|Windows-AnyCPU.Build.0 = Debug|Any CPU
		{05D2DA44-1B8E-4CF7-94ED-4D52451CD095}.Debug|Windows-ARM.ActiveCfg = Debug|Any CPU
		{05D2DA44-1B8E-4CF7-94ED-4D52451CD095}.Debug|Windows-ARM.Build.0 = Debug|Any CPU
		{05D2DA44-1B8E-4CF7-94ED-4D52451CD095}.Debug|Windows-x64.ActiveCfg = Debug|x64
		{05D2DA44-1B8E-4CF7-94ED-4D52451CD095}.Debug|Windows-x64.Build.0 = Debug|x64
		{05D2DA44-1B8E-4CF7-94ED-4D52451CD095}.Debug|Windows-x86.ActiveCfg = Debug|x86
		{05D2DA44-1B8E-4CF7-94ED-4D52451CD095}.Debug|Windows-x86.Build.0 = Debug|x86
		{05D2DA44-1B8E-4CF7-94ED-4D52451CD095}.Debug|x64.ActiveCfg = Debug|x64
		{05D2DA44-1B8E-4CF7-94ED-4D52451CD095}.Debug|x64.Build.0 = Debug|x64
		{05D2DA44-1B8E-4CF7-94ED-4D52451CD095}.Debug|x86.ActiveCfg = Debug|x86
		{05D2DA44-1B8E-4CF7-94ED-4D52451CD095}.Debug|x86.Build.0 = Debug|x86
		{05D2DA44-1B8E-4CF7-94ED-4D52451CD095}.Release RocketBot|Android.ActiveCfg = Release|Any CPU
		{05D2DA44-1B8E-4CF7-94ED-4D52451CD095}.Release RocketBot|Android.Build.0 = Release|Any CPU
		{05D2DA44-1B8E-4CF7-94ED-4D52451CD095}.Release RocketBot|Any CPU.ActiveCfg = Release|Any CPU
		{05D2DA44-1B8E-4CF7-94ED-4D52451CD095}.Release RocketBot|Any CPU.Build.0 = Release|Any CPU
		{05D2DA44-1B8E-4CF7-94ED-4D52451CD095}.Release RocketBot|iOS.ActiveCfg = Release|Any CPU
		{05D2DA44-1B8E-4CF7-94ED-4D52451CD095}.Release RocketBot|iOS.Build.0 = Release|Any CPU
		{05D2DA44-1B8E-4CF7-94ED-4D52451CD095}.Release RocketBot|Windows Phone (Universal).ActiveCfg = Release|Any CPU
		{05D2DA44-1B8E-4CF7-94ED-4D52451CD095}.Release RocketBot|Windows Phone (Universal).Build.0 = Release|Any CPU
		{05D2DA44-1B8E-4CF7-94ED-4D52451CD095}.Release RocketBot|Windows Phone 8.ActiveCfg = Release|Any CPU
		{05D2DA44-1B8E-4CF7-94ED-4D52451CD095}.Release RocketBot|Windows Phone 8.Build.0 = Release|Any CPU
		{05D2DA44-1B8E-4CF7-94ED-4D52451CD095}.Release RocketBot|Windows-AnyCPU.ActiveCfg = Release|Any CPU
		{05D2DA44-1B8E-4CF7-94ED-4D52451CD095}.Release RocketBot|Windows-AnyCPU.Build.0 = Release|Any CPU
		{05D2DA44-1B8E-4CF7-94ED-4D52451CD095}.Release RocketBot|Windows-ARM.ActiveCfg = Release|Any CPU
		{05D2DA44-1B8E-4CF7-94ED-4D52451CD095}.Release RocketBot|Windows-ARM.Build.0 = Release|Any CPU
		{05D2DA44-1B8E-4CF7-94ED-4D52451CD095}.Release RocketBot|Windows-x64.ActiveCfg = Release|x64
		{05D2DA44-1B8E-4CF7-94ED-4D52451CD095}.Release RocketBot|Windows-x64.Build.0 = Release|x64
		{05D2DA44-1B8E-4CF7-94ED-4D52451CD095}.Release RocketBot|Windows-x86.ActiveCfg = Release|x86
		{05D2DA44-1B8E-4CF7-94ED-4D52451CD095}.Release RocketBot|Windows-x86.Build.0 = Release|x86
		{05D2DA44-1B8E-4CF7-94ED-4D52451CD095}.Release RocketBot|x64.ActiveCfg = Release|x64
		{05D2DA44-1B8E-4CF7-94ED-4D52451CD095}.Release RocketBot|x64.Build.0 = Release|x64
		{05D2DA44-1B8E-4CF7-94ED-4D52451CD095}.Release RocketBot|x86.ActiveCfg = Release|x86
		{05D2DA44-1B8E-4CF7-94ED-4D52451CD095}.Release RocketBot|x86.Build.0 = Release|x86
		{05D2DA44-1B8E-4CF7-94ED-4D52451CD095}.Release|Android.ActiveCfg = Release|Any CPU
		{05D2DA44-1B8E-4CF7-94ED-4D52451CD095}.Release|Android.Build.0 = Release|Any CPU
		{05D2DA44-1B8E-4CF7-94ED-4D52451CD095}.Release|Any CPU.ActiveCfg = Release|Any CPU
		{05D2DA44-1B8E-4CF7-94ED-4D52451CD095}.Release|Any CPU.Build.0 = Release|Any CPU
		{05D2DA44-1B8E-4CF7-94ED-4D52451CD095}.Release|iOS.ActiveCfg = Release|Any CPU
		{05D2DA44-1B8E-4CF7-94ED-4D52451CD095}.Release|iOS.Build.0 = Release|Any CPU
		{05D2DA44-1B8E-4CF7-94ED-4D52451CD095}.Release|Windows Phone (Universal).ActiveCfg = Release|Any CPU
		{05D2DA44-1B8E-4CF7-94ED-4D52451CD095}.Release|Windows Phone (Universal).Build.0 = Release|Any CPU
		{05D2DA44-1B8E-4CF7-94ED-4D52451CD095}.Release|Windows Phone 8.ActiveCfg = Release|Any CPU
		{05D2DA44-1B8E-4CF7-94ED-4D52451CD095}.Release|Windows Phone 8.Build.0 = Release|Any CPU
		{05D2DA44-1B8E-4CF7-94ED-4D52451CD095}.Release|Windows-AnyCPU.ActiveCfg = Release|Any CPU
		{05D2DA44-1B8E-4CF7-94ED-4D52451CD095}.Release|Windows-AnyCPU.Build.0 = Release|Any CPU
		{05D2DA44-1B8E-4CF7-94ED-4D52451CD095}.Release|Windows-ARM.ActiveCfg = Release|Any CPU
		{05D2DA44-1B8E-4CF7-94ED-4D52451CD095}.Release|Windows-ARM.Build.0 = Release|Any CPU
		{05D2DA44-1B8E-4CF7-94ED-4D52451CD095}.Release|Windows-x64.ActiveCfg = Release|x64
		{05D2DA44-1B8E-4CF7-94ED-4D52451CD095}.Release|Windows-x64.Build.0 = Release|x64
		{05D2DA44-1B8E-4CF7-94ED-4D52451CD095}.Release|Windows-x86.ActiveCfg = Release|x86
		{05D2DA44-1B8E-4CF7-94ED-4D52451CD095}.Release|Windows-x86.Build.0 = Release|x86
		{05D2DA44-1B8E-4CF7-94ED-4D52451CD095}.Release|x64.ActiveCfg = Release|x64
		{05D2DA44-1B8E-4CF7-94ED-4D52451CD095}.Release|x64.Build.0 = Release|x64
		{05D2DA44-1B8E-4CF7-94ED-4D52451CD095}.Release|x86.ActiveCfg = Release|x86
		{05D2DA44-1B8E-4CF7-94ED-4D52451CD095}.Release|x86.Build.0 = Release|x86
		{0739E40D-C589-4AEB-93E5-EE8CD6773C60}.Debug RocketBot|Android.ActiveCfg = Debug|Any CPU
		{0739E40D-C589-4AEB-93E5-EE8CD6773C60}.Debug RocketBot|Android.Build.0 = Debug|Any CPU
		{0739E40D-C589-4AEB-93E5-EE8CD6773C60}.Debug RocketBot|Any CPU.ActiveCfg = Debug|Any CPU
		{0739E40D-C589-4AEB-93E5-EE8CD6773C60}.Debug RocketBot|Any CPU.Build.0 = Debug|Any CPU
		{0739E40D-C589-4AEB-93E5-EE8CD6773C60}.Debug RocketBot|iOS.ActiveCfg = Debug|Any CPU
		{0739E40D-C589-4AEB-93E5-EE8CD6773C60}.Debug RocketBot|iOS.Build.0 = Debug|Any CPU
		{0739E40D-C589-4AEB-93E5-EE8CD6773C60}.Debug RocketBot|Windows Phone (Universal).ActiveCfg = Debug|Any CPU
		{0739E40D-C589-4AEB-93E5-EE8CD6773C60}.Debug RocketBot|Windows Phone (Universal).Build.0 = Debug|Any CPU
		{0739E40D-C589-4AEB-93E5-EE8CD6773C60}.Debug RocketBot|Windows Phone 8.ActiveCfg = Debug|Any CPU
		{0739E40D-C589-4AEB-93E5-EE8CD6773C60}.Debug RocketBot|Windows Phone 8.Build.0 = Debug|Any CPU
		{0739E40D-C589-4AEB-93E5-EE8CD6773C60}.Debug RocketBot|Windows-AnyCPU.ActiveCfg = Debug|Any CPU
		{0739E40D-C589-4AEB-93E5-EE8CD6773C60}.Debug RocketBot|Windows-AnyCPU.Build.0 = Debug|Any CPU
		{0739E40D-C589-4AEB-93E5-EE8CD6773C60}.Debug RocketBot|Windows-ARM.ActiveCfg = Debug|Any CPU
		{0739E40D-C589-4AEB-93E5-EE8CD6773C60}.Debug RocketBot|Windows-ARM.Build.0 = Debug|Any CPU
		{0739E40D-C589-4AEB-93E5-EE8CD6773C60}.Debug RocketBot|Windows-x64.ActiveCfg = Debug|x64
		{0739E40D-C589-4AEB-93E5-EE8CD6773C60}.Debug RocketBot|Windows-x64.Build.0 = Debug|x64
		{0739E40D-C589-4AEB-93E5-EE8CD6773C60}.Debug RocketBot|Windows-x86.ActiveCfg = Debug|x86
		{0739E40D-C589-4AEB-93E5-EE8CD6773C60}.Debug RocketBot|Windows-x86.Build.0 = Debug|x86
		{0739E40D-C589-4AEB-93E5-EE8CD6773C60}.Debug RocketBot|x64.ActiveCfg = Debug|x64
		{0739E40D-C589-4AEB-93E5-EE8CD6773C60}.Debug RocketBot|x64.Build.0 = Debug|x64
		{0739E40D-C589-4AEB-93E5-EE8CD6773C60}.Debug RocketBot|x86.ActiveCfg = Debug|x86
		{0739E40D-C589-4AEB-93E5-EE8CD6773C60}.Debug RocketBot|x86.Build.0 = Debug|x86
		{0739E40D-C589-4AEB-93E5-EE8CD6773C60}.Debug|Android.ActiveCfg = Debug|Any CPU
		{0739E40D-C589-4AEB-93E5-EE8CD6773C60}.Debug|Android.Build.0 = Debug|Any CPU
		{0739E40D-C589-4AEB-93E5-EE8CD6773C60}.Debug|Any CPU.ActiveCfg = Debug|Any CPU
		{0739E40D-C589-4AEB-93E5-EE8CD6773C60}.Debug|Any CPU.Build.0 = Debug|Any CPU
		{0739E40D-C589-4AEB-93E5-EE8CD6773C60}.Debug|iOS.ActiveCfg = Debug|Any CPU
		{0739E40D-C589-4AEB-93E5-EE8CD6773C60}.Debug|iOS.Build.0 = Debug|Any CPU
		{0739E40D-C589-4AEB-93E5-EE8CD6773C60}.Debug|Windows Phone (Universal).ActiveCfg = Debug|Any CPU
		{0739E40D-C589-4AEB-93E5-EE8CD6773C60}.Debug|Windows Phone (Universal).Build.0 = Debug|Any CPU
		{0739E40D-C589-4AEB-93E5-EE8CD6773C60}.Debug|Windows Phone 8.ActiveCfg = Debug|Any CPU
		{0739E40D-C589-4AEB-93E5-EE8CD6773C60}.Debug|Windows Phone 8.Build.0 = Debug|Any CPU
		{0739E40D-C589-4AEB-93E5-EE8CD6773C60}.Debug|Windows-AnyCPU.ActiveCfg = Debug|Any CPU
		{0739E40D-C589-4AEB-93E5-EE8CD6773C60}.Debug|Windows-AnyCPU.Build.0 = Debug|Any CPU
		{0739E40D-C589-4AEB-93E5-EE8CD6773C60}.Debug|Windows-ARM.ActiveCfg = Debug|Any CPU
		{0739E40D-C589-4AEB-93E5-EE8CD6773C60}.Debug|Windows-ARM.Build.0 = Debug|Any CPU
		{0739E40D-C589-4AEB-93E5-EE8CD6773C60}.Debug|Windows-x64.ActiveCfg = Debug|x64
		{0739E40D-C589-4AEB-93E5-EE8CD6773C60}.Debug|Windows-x64.Build.0 = Debug|x64
		{0739E40D-C589-4AEB-93E5-EE8CD6773C60}.Debug|Windows-x86.ActiveCfg = Debug|x86
		{0739E40D-C589-4AEB-93E5-EE8CD6773C60}.Debug|Windows-x86.Build.0 = Debug|x86
		{0739E40D-C589-4AEB-93E5-EE8CD6773C60}.Debug|x64.ActiveCfg = Debug|x64
		{0739E40D-C589-4AEB-93E5-EE8CD6773C60}.Debug|x64.Build.0 = Debug|x64
		{0739E40D-C589-4AEB-93E5-EE8CD6773C60}.Debug|x86.ActiveCfg = Debug|x86
		{0739E40D-C589-4AEB-93E5-EE8CD6773C60}.Debug|x86.Build.0 = Debug|x86
		{0739E40D-C589-4AEB-93E5-EE8CD6773C60}.Release RocketBot|Android.ActiveCfg = Release|Any CPU
		{0739E40D-C589-4AEB-93E5-EE8CD6773C60}.Release RocketBot|Android.Build.0 = Release|Any CPU
		{0739E40D-C589-4AEB-93E5-EE8CD6773C60}.Release RocketBot|Any CPU.ActiveCfg = Release|Any CPU
		{0739E40D-C589-4AEB-93E5-EE8CD6773C60}.Release RocketBot|Any CPU.Build.0 = Release|Any CPU
		{0739E40D-C589-4AEB-93E5-EE8CD6773C60}.Release RocketBot|iOS.ActiveCfg = Release|Any CPU
		{0739E40D-C589-4AEB-93E5-EE8CD6773C60}.Release RocketBot|iOS.Build.0 = Release|Any CPU
		{0739E40D-C589-4AEB-93E5-EE8CD6773C60}.Release RocketBot|Windows Phone (Universal).ActiveCfg = Release|Any CPU
		{0739E40D-C589-4AEB-93E5-EE8CD6773C60}.Release RocketBot|Windows Phone (Universal).Build.0 = Release|Any CPU
		{0739E40D-C589-4AEB-93E5-EE8CD6773C60}.Release RocketBot|Windows Phone 8.ActiveCfg = Release|Any CPU
		{0739E40D-C589-4AEB-93E5-EE8CD6773C60}.Release RocketBot|Windows Phone 8.Build.0 = Release|Any CPU
		{0739E40D-C589-4AEB-93E5-EE8CD6773C60}.Release RocketBot|Windows-AnyCPU.ActiveCfg = Release|Any CPU
		{0739E40D-C589-4AEB-93E5-EE8CD6773C60}.Release RocketBot|Windows-AnyCPU.Build.0 = Release|Any CPU
		{0739E40D-C589-4AEB-93E5-EE8CD6773C60}.Release RocketBot|Windows-ARM.ActiveCfg = Release|Any CPU
		{0739E40D-C589-4AEB-93E5-EE8CD6773C60}.Release RocketBot|Windows-ARM.Build.0 = Release|Any CPU
		{0739E40D-C589-4AEB-93E5-EE8CD6773C60}.Release RocketBot|Windows-x64.ActiveCfg = Release|x64
		{0739E40D-C589-4AEB-93E5-EE8CD6773C60}.Release RocketBot|Windows-x64.Build.0 = Release|x64
		{0739E40D-C589-4AEB-93E5-EE8CD6773C60}.Release RocketBot|Windows-x86.ActiveCfg = Release|x86
		{0739E40D-C589-4AEB-93E5-EE8CD6773C60}.Release RocketBot|Windows-x86.Build.0 = Release|x86
		{0739E40D-C589-4AEB-93E5-EE8CD6773C60}.Release RocketBot|x64.ActiveCfg = Release|x64
		{0739E40D-C589-4AEB-93E5-EE8CD6773C60}.Release RocketBot|x64.Build.0 = Release|x64
		{0739E40D-C589-4AEB-93E5-EE8CD6773C60}.Release RocketBot|x86.ActiveCfg = Release|x86
		{0739E40D-C589-4AEB-93E5-EE8CD6773C60}.Release RocketBot|x86.Build.0 = Release|x86
		{0739E40D-C589-4AEB-93E5-EE8CD6773C60}.Release|Android.ActiveCfg = Release|Any CPU
		{0739E40D-C589-4AEB-93E5-EE8CD6773C60}.Release|Android.Build.0 = Release|Any CPU
		{0739E40D-C589-4AEB-93E5-EE8CD6773C60}.Release|Any CPU.ActiveCfg = Release|Any CPU
		{0739E40D-C589-4AEB-93E5-EE8CD6773C60}.Release|Any CPU.Build.0 = Release|Any CPU
		{0739E40D-C589-4AEB-93E5-EE8CD6773C60}.Release|iOS.ActiveCfg = Release|Any CPU
		{0739E40D-C589-4AEB-93E5-EE8CD6773C60}.Release|iOS.Build.0 = Release|Any CPU
		{0739E40D-C589-4AEB-93E5-EE8CD6773C60}.Release|Windows Phone (Universal).ActiveCfg = Release|Any CPU
		{0739E40D-C589-4AEB-93E5-EE8CD6773C60}.Release|Windows Phone (Universal).Build.0 = Release|Any CPU
		{0739E40D-C589-4AEB-93E5-EE8CD6773C60}.Release|Windows Phone 8.ActiveCfg = Release|Any CPU
		{0739E40D-C589-4AEB-93E5-EE8CD6773C60}.Release|Windows Phone 8.Build.0 = Release|Any CPU
		{0739E40D-C589-4AEB-93E5-EE8CD6773C60}.Release|Windows-AnyCPU.ActiveCfg = Release|Any CPU
		{0739E40D-C589-4AEB-93E5-EE8CD6773C60}.Release|Windows-AnyCPU.Build.0 = Release|Any CPU
		{0739E40D-C589-4AEB-93E5-EE8CD6773C60}.Release|Windows-ARM.ActiveCfg = Release|Any CPU
		{0739E40D-C589-4AEB-93E5-EE8CD6773C60}.Release|Windows-ARM.Build.0 = Release|Any CPU
		{0739E40D-C589-4AEB-93E5-EE8CD6773C60}.Release|Windows-x64.ActiveCfg = Release|x64
		{0739E40D-C589-4AEB-93E5-EE8CD6773C60}.Release|Windows-x64.Build.0 = Release|x64
		{0739E40D-C589-4AEB-93E5-EE8CD6773C60}.Release|Windows-x86.ActiveCfg = Release|x86
		{0739E40D-C589-4AEB-93E5-EE8CD6773C60}.Release|Windows-x86.Build.0 = Release|x86
		{0739E40D-C589-4AEB-93E5-EE8CD6773C60}.Release|x64.ActiveCfg = Release|x64
		{0739E40D-C589-4AEB-93E5-EE8CD6773C60}.Release|x64.Build.0 = Release|x64
		{0739E40D-C589-4AEB-93E5-EE8CD6773C60}.Release|x86.ActiveCfg = Release|x86
		{0739E40D-C589-4AEB-93E5-EE8CD6773C60}.Release|x86.Build.0 = Release|x86
		{D7310128-97E4-4096-8679-93577CD08C06}.Debug RocketBot|Android.ActiveCfg = Debug|Android
		{D7310128-97E4-4096-8679-93577CD08C06}.Debug RocketBot|Any CPU.ActiveCfg = Debug|Android
		{D7310128-97E4-4096-8679-93577CD08C06}.Debug RocketBot|iOS.ActiveCfg = Debug|iOS
		{D7310128-97E4-4096-8679-93577CD08C06}.Debug RocketBot|Windows Phone (Universal).ActiveCfg = Debug|Windows Phone (Universal)
		{D7310128-97E4-4096-8679-93577CD08C06}.Debug RocketBot|Windows Phone 8.ActiveCfg = Debug|Windows Phone 8
		{D7310128-97E4-4096-8679-93577CD08C06}.Debug RocketBot|Windows-AnyCPU.ActiveCfg = Debug|Windows-AnyCPU
		{D7310128-97E4-4096-8679-93577CD08C06}.Debug RocketBot|Windows-ARM.ActiveCfg = Debug|Windows-ARM
		{D7310128-97E4-4096-8679-93577CD08C06}.Debug RocketBot|Windows-x64.ActiveCfg = Debug|Windows-x64
		{D7310128-97E4-4096-8679-93577CD08C06}.Debug RocketBot|Windows-x86.ActiveCfg = Debug|Windows-x86
		{D7310128-97E4-4096-8679-93577CD08C06}.Debug RocketBot|x64.ActiveCfg = Release|Android
		{D7310128-97E4-4096-8679-93577CD08C06}.Debug RocketBot|x86.ActiveCfg = Release|Android
		{D7310128-97E4-4096-8679-93577CD08C06}.Debug|Android.ActiveCfg = Debug|Android
		{D7310128-97E4-4096-8679-93577CD08C06}.Debug|Any CPU.ActiveCfg = Debug|Android
		{D7310128-97E4-4096-8679-93577CD08C06}.Debug|iOS.ActiveCfg = Debug|iOS
		{D7310128-97E4-4096-8679-93577CD08C06}.Debug|Windows Phone (Universal).ActiveCfg = Debug|Windows Phone (Universal)
		{D7310128-97E4-4096-8679-93577CD08C06}.Debug|Windows Phone 8.ActiveCfg = Debug|Windows Phone 8
		{D7310128-97E4-4096-8679-93577CD08C06}.Debug|Windows-AnyCPU.ActiveCfg = Debug|Windows-AnyCPU
		{D7310128-97E4-4096-8679-93577CD08C06}.Debug|Windows-ARM.ActiveCfg = Debug|Windows-ARM
		{D7310128-97E4-4096-8679-93577CD08C06}.Debug|Windows-x64.ActiveCfg = Debug|Windows-x64
		{D7310128-97E4-4096-8679-93577CD08C06}.Debug|Windows-x86.ActiveCfg = Debug|Windows-x86
		{D7310128-97E4-4096-8679-93577CD08C06}.Debug|x64.ActiveCfg = Debug|Android
		{D7310128-97E4-4096-8679-93577CD08C06}.Debug|x86.ActiveCfg = Debug|Android
		{D7310128-97E4-4096-8679-93577CD08C06}.Release RocketBot|Android.ActiveCfg = Release|Android
		{D7310128-97E4-4096-8679-93577CD08C06}.Release RocketBot|Any CPU.ActiveCfg = Release|Android
		{D7310128-97E4-4096-8679-93577CD08C06}.Release RocketBot|iOS.ActiveCfg = Release|iOS
		{D7310128-97E4-4096-8679-93577CD08C06}.Release RocketBot|Windows Phone (Universal).ActiveCfg = Release|Windows Phone (Universal)
		{D7310128-97E4-4096-8679-93577CD08C06}.Release RocketBot|Windows Phone 8.ActiveCfg = Release|Windows Phone 8
		{D7310128-97E4-4096-8679-93577CD08C06}.Release RocketBot|Windows-AnyCPU.ActiveCfg = Release|Windows-AnyCPU
		{D7310128-97E4-4096-8679-93577CD08C06}.Release RocketBot|Windows-ARM.ActiveCfg = Release|Windows-ARM
		{D7310128-97E4-4096-8679-93577CD08C06}.Release RocketBot|Windows-x64.ActiveCfg = Release|Windows-x64
		{D7310128-97E4-4096-8679-93577CD08C06}.Release RocketBot|Windows-x86.ActiveCfg = Release|Windows-x86
		{D7310128-97E4-4096-8679-93577CD08C06}.Release RocketBot|x64.ActiveCfg = Release|Android
		{D7310128-97E4-4096-8679-93577CD08C06}.Release RocketBot|x86.ActiveCfg = Release|Android
		{D7310128-97E4-4096-8679-93577CD08C06}.Release|Android.ActiveCfg = Release|Android
		{D7310128-97E4-4096-8679-93577CD08C06}.Release|Any CPU.ActiveCfg = Release|Android
		{D7310128-97E4-4096-8679-93577CD08C06}.Release|iOS.ActiveCfg = Release|iOS
		{D7310128-97E4-4096-8679-93577CD08C06}.Release|Windows Phone (Universal).ActiveCfg = Release|Windows Phone (Universal)
		{D7310128-97E4-4096-8679-93577CD08C06}.Release|Windows Phone 8.ActiveCfg = Release|Windows Phone 8
		{D7310128-97E4-4096-8679-93577CD08C06}.Release|Windows-AnyCPU.ActiveCfg = Release|Windows-AnyCPU
		{D7310128-97E4-4096-8679-93577CD08C06}.Release|Windows-ARM.ActiveCfg = Release|Windows-ARM
		{D7310128-97E4-4096-8679-93577CD08C06}.Release|Windows-x64.ActiveCfg = Release|Windows-x64
		{D7310128-97E4-4096-8679-93577CD08C06}.Release|Windows-x86.ActiveCfg = Release|Windows-x86
		{D7310128-97E4-4096-8679-93577CD08C06}.Release|x64.ActiveCfg = Release|Android
		{D7310128-97E4-4096-8679-93577CD08C06}.Release|x86.ActiveCfg = Release|Android
		{A03A7BB2-4F0B-467B-84B2-9A76E6AAE6FB}.Debug RocketBot|Android.ActiveCfg = Debug|Any CPU
		{A03A7BB2-4F0B-467B-84B2-9A76E6AAE6FB}.Debug RocketBot|Android.Build.0 = Debug|Any CPU
		{A03A7BB2-4F0B-467B-84B2-9A76E6AAE6FB}.Debug RocketBot|Any CPU.ActiveCfg = Debug|Any CPU
		{A03A7BB2-4F0B-467B-84B2-9A76E6AAE6FB}.Debug RocketBot|Any CPU.Build.0 = Debug|Any CPU
		{A03A7BB2-4F0B-467B-84B2-9A76E6AAE6FB}.Debug RocketBot|iOS.ActiveCfg = Debug|Any CPU
		{A03A7BB2-4F0B-467B-84B2-9A76E6AAE6FB}.Debug RocketBot|iOS.Build.0 = Debug|Any CPU
		{A03A7BB2-4F0B-467B-84B2-9A76E6AAE6FB}.Debug RocketBot|Windows Phone (Universal).ActiveCfg = Debug|Any CPU
		{A03A7BB2-4F0B-467B-84B2-9A76E6AAE6FB}.Debug RocketBot|Windows Phone (Universal).Build.0 = Debug|Any CPU
		{A03A7BB2-4F0B-467B-84B2-9A76E6AAE6FB}.Debug RocketBot|Windows Phone 8.ActiveCfg = Debug|Any CPU
		{A03A7BB2-4F0B-467B-84B2-9A76E6AAE6FB}.Debug RocketBot|Windows Phone 8.Build.0 = Debug|Any CPU
		{A03A7BB2-4F0B-467B-84B2-9A76E6AAE6FB}.Debug RocketBot|Windows-AnyCPU.ActiveCfg = Debug|Any CPU
		{A03A7BB2-4F0B-467B-84B2-9A76E6AAE6FB}.Debug RocketBot|Windows-AnyCPU.Build.0 = Debug|Any CPU
		{A03A7BB2-4F0B-467B-84B2-9A76E6AAE6FB}.Debug RocketBot|Windows-ARM.ActiveCfg = Debug|Any CPU
		{A03A7BB2-4F0B-467B-84B2-9A76E6AAE6FB}.Debug RocketBot|Windows-ARM.Build.0 = Debug|Any CPU
		{A03A7BB2-4F0B-467B-84B2-9A76E6AAE6FB}.Debug RocketBot|Windows-x64.ActiveCfg = Debug|Any CPU
		{A03A7BB2-4F0B-467B-84B2-9A76E6AAE6FB}.Debug RocketBot|Windows-x64.Build.0 = Debug|Any CPU
		{A03A7BB2-4F0B-467B-84B2-9A76E6AAE6FB}.Debug RocketBot|Windows-x86.ActiveCfg = Debug|x86
		{A03A7BB2-4F0B-467B-84B2-9A76E6AAE6FB}.Debug RocketBot|Windows-x86.Build.0 = Debug|x86
		{A03A7BB2-4F0B-467B-84B2-9A76E6AAE6FB}.Debug RocketBot|x64.ActiveCfg = Debug|Any CPU
		{A03A7BB2-4F0B-467B-84B2-9A76E6AAE6FB}.Debug RocketBot|x64.Build.0 = Debug|Any CPU
		{A03A7BB2-4F0B-467B-84B2-9A76E6AAE6FB}.Debug RocketBot|x86.ActiveCfg = Debug|x86
		{A03A7BB2-4F0B-467B-84B2-9A76E6AAE6FB}.Debug RocketBot|x86.Build.0 = Debug|x86
		{A03A7BB2-4F0B-467B-84B2-9A76E6AAE6FB}.Debug|Android.ActiveCfg = Debug|Any CPU
		{A03A7BB2-4F0B-467B-84B2-9A76E6AAE6FB}.Debug|Android.Build.0 = Debug|Any CPU
		{A03A7BB2-4F0B-467B-84B2-9A76E6AAE6FB}.Debug|Any CPU.ActiveCfg = Debug|Any CPU
		{A03A7BB2-4F0B-467B-84B2-9A76E6AAE6FB}.Debug|Any CPU.Build.0 = Debug|Any CPU
		{A03A7BB2-4F0B-467B-84B2-9A76E6AAE6FB}.Debug|iOS.ActiveCfg = Debug|Any CPU
		{A03A7BB2-4F0B-467B-84B2-9A76E6AAE6FB}.Debug|iOS.Build.0 = Debug|Any CPU
		{A03A7BB2-4F0B-467B-84B2-9A76E6AAE6FB}.Debug|Windows Phone (Universal).ActiveCfg = Debug|Any CPU
		{A03A7BB2-4F0B-467B-84B2-9A76E6AAE6FB}.Debug|Windows Phone (Universal).Build.0 = Debug|Any CPU
		{A03A7BB2-4F0B-467B-84B2-9A76E6AAE6FB}.Debug|Windows Phone 8.ActiveCfg = Debug|Any CPU
		{A03A7BB2-4F0B-467B-84B2-9A76E6AAE6FB}.Debug|Windows Phone 8.Build.0 = Debug|Any CPU
		{A03A7BB2-4F0B-467B-84B2-9A76E6AAE6FB}.Debug|Windows-AnyCPU.ActiveCfg = Debug|Any CPU
		{A03A7BB2-4F0B-467B-84B2-9A76E6AAE6FB}.Debug|Windows-AnyCPU.Build.0 = Debug|Any CPU
		{A03A7BB2-4F0B-467B-84B2-9A76E6AAE6FB}.Debug|Windows-ARM.ActiveCfg = Debug|Any CPU
		{A03A7BB2-4F0B-467B-84B2-9A76E6AAE6FB}.Debug|Windows-ARM.Build.0 = Debug|Any CPU
		{A03A7BB2-4F0B-467B-84B2-9A76E6AAE6FB}.Debug|Windows-x64.ActiveCfg = Debug|Any CPU
		{A03A7BB2-4F0B-467B-84B2-9A76E6AAE6FB}.Debug|Windows-x64.Build.0 = Debug|Any CPU
		{A03A7BB2-4F0B-467B-84B2-9A76E6AAE6FB}.Debug|Windows-x86.ActiveCfg = Debug|x86
		{A03A7BB2-4F0B-467B-84B2-9A76E6AAE6FB}.Debug|Windows-x86.Build.0 = Debug|x86
		{A03A7BB2-4F0B-467B-84B2-9A76E6AAE6FB}.Debug|x64.ActiveCfg = Debug|Any CPU
		{A03A7BB2-4F0B-467B-84B2-9A76E6AAE6FB}.Debug|x64.Build.0 = Debug|Any CPU
		{A03A7BB2-4F0B-467B-84B2-9A76E6AAE6FB}.Debug|x86.ActiveCfg = Debug|x86
		{A03A7BB2-4F0B-467B-84B2-9A76E6AAE6FB}.Debug|x86.Build.0 = Debug|x86
		{A03A7BB2-4F0B-467B-84B2-9A76E6AAE6FB}.Release RocketBot|Android.ActiveCfg = Release|Any CPU
		{A03A7BB2-4F0B-467B-84B2-9A76E6AAE6FB}.Release RocketBot|Android.Build.0 = Release|Any CPU
		{A03A7BB2-4F0B-467B-84B2-9A76E6AAE6FB}.Release RocketBot|Any CPU.ActiveCfg = Release|Any CPU
		{A03A7BB2-4F0B-467B-84B2-9A76E6AAE6FB}.Release RocketBot|Any CPU.Build.0 = Release|Any CPU
		{A03A7BB2-4F0B-467B-84B2-9A76E6AAE6FB}.Release RocketBot|iOS.ActiveCfg = Release|Any CPU
		{A03A7BB2-4F0B-467B-84B2-9A76E6AAE6FB}.Release RocketBot|iOS.Build.0 = Release|Any CPU
		{A03A7BB2-4F0B-467B-84B2-9A76E6AAE6FB}.Release RocketBot|Windows Phone (Universal).ActiveCfg = Release|Any CPU
		{A03A7BB2-4F0B-467B-84B2-9A76E6AAE6FB}.Release RocketBot|Windows Phone (Universal).Build.0 = Release|Any CPU
		{A03A7BB2-4F0B-467B-84B2-9A76E6AAE6FB}.Release RocketBot|Windows Phone 8.ActiveCfg = Release|Any CPU
		{A03A7BB2-4F0B-467B-84B2-9A76E6AAE6FB}.Release RocketBot|Windows Phone 8.Build.0 = Release|Any CPU
		{A03A7BB2-4F0B-467B-84B2-9A76E6AAE6FB}.Release RocketBot|Windows-AnyCPU.ActiveCfg = Release|Any CPU
		{A03A7BB2-4F0B-467B-84B2-9A76E6AAE6FB}.Release RocketBot|Windows-AnyCPU.Build.0 = Release|Any CPU
		{A03A7BB2-4F0B-467B-84B2-9A76E6AAE6FB}.Release RocketBot|Windows-ARM.ActiveCfg = Release|Any CPU
		{A03A7BB2-4F0B-467B-84B2-9A76E6AAE6FB}.Release RocketBot|Windows-ARM.Build.0 = Release|Any CPU
		{A03A7BB2-4F0B-467B-84B2-9A76E6AAE6FB}.Release RocketBot|Windows-x64.ActiveCfg = Release|Any CPU
		{A03A7BB2-4F0B-467B-84B2-9A76E6AAE6FB}.Release RocketBot|Windows-x64.Build.0 = Release|Any CPU
		{A03A7BB2-4F0B-467B-84B2-9A76E6AAE6FB}.Release RocketBot|Windows-x86.ActiveCfg = Release|x86
		{A03A7BB2-4F0B-467B-84B2-9A76E6AAE6FB}.Release RocketBot|Windows-x86.Build.0 = Release|x86
		{A03A7BB2-4F0B-467B-84B2-9A76E6AAE6FB}.Release RocketBot|x64.ActiveCfg = Release|Any CPU
		{A03A7BB2-4F0B-467B-84B2-9A76E6AAE6FB}.Release RocketBot|x64.Build.0 = Release|Any CPU
		{A03A7BB2-4F0B-467B-84B2-9A76E6AAE6FB}.Release RocketBot|x86.ActiveCfg = Release|x86
		{A03A7BB2-4F0B-467B-84B2-9A76E6AAE6FB}.Release RocketBot|x86.Build.0 = Release|x86
		{A03A7BB2-4F0B-467B-84B2-9A76E6AAE6FB}.Release|Android.ActiveCfg = Release|Any CPU
		{A03A7BB2-4F0B-467B-84B2-9A76E6AAE6FB}.Release|Android.Build.0 = Release|Any CPU
		{A03A7BB2-4F0B-467B-84B2-9A76E6AAE6FB}.Release|Any CPU.ActiveCfg = Release|Any CPU
		{A03A7BB2-4F0B-467B-84B2-9A76E6AAE6FB}.Release|Any CPU.Build.0 = Release|Any CPU
		{A03A7BB2-4F0B-467B-84B2-9A76E6AAE6FB}.Release|iOS.ActiveCfg = Release|Any CPU
		{A03A7BB2-4F0B-467B-84B2-9A76E6AAE6FB}.Release|iOS.Build.0 = Release|Any CPU
		{A03A7BB2-4F0B-467B-84B2-9A76E6AAE6FB}.Release|Windows Phone (Universal).ActiveCfg = Release|Any CPU
		{A03A7BB2-4F0B-467B-84B2-9A76E6AAE6FB}.Release|Windows Phone (Universal).Build.0 = Release|Any CPU
		{A03A7BB2-4F0B-467B-84B2-9A76E6AAE6FB}.Release|Windows Phone 8.ActiveCfg = Release|Any CPU
		{A03A7BB2-4F0B-467B-84B2-9A76E6AAE6FB}.Release|Windows Phone 8.Build.0 = Release|Any CPU
		{A03A7BB2-4F0B-467B-84B2-9A76E6AAE6FB}.Release|Windows-AnyCPU.ActiveCfg = Release|Any CPU
		{A03A7BB2-4F0B-467B-84B2-9A76E6AAE6FB}.Release|Windows-AnyCPU.Build.0 = Release|Any CPU
		{A03A7BB2-4F0B-467B-84B2-9A76E6AAE6FB}.Release|Windows-ARM.ActiveCfg = Release|Any CPU
		{A03A7BB2-4F0B-467B-84B2-9A76E6AAE6FB}.Release|Windows-ARM.Build.0 = Release|Any CPU
		{A03A7BB2-4F0B-467B-84B2-9A76E6AAE6FB}.Release|Windows-x64.ActiveCfg = Release|Any CPU
		{A03A7BB2-4F0B-467B-84B2-9A76E6AAE6FB}.Release|Windows-x64.Build.0 = Release|Any CPU
		{A03A7BB2-4F0B-467B-84B2-9A76E6AAE6FB}.Release|Windows-x86.ActiveCfg = Release|x86
		{A03A7BB2-4F0B-467B-84B2-9A76E6AAE6FB}.Release|Windows-x86.Build.0 = Release|x86
		{A03A7BB2-4F0B-467B-84B2-9A76E6AAE6FB}.Release|x64.ActiveCfg = Release|Any CPU
		{A03A7BB2-4F0B-467B-84B2-9A76E6AAE6FB}.Release|x64.Build.0 = Release|Any CPU
		{A03A7BB2-4F0B-467B-84B2-9A76E6AAE6FB}.Release|x86.ActiveCfg = Release|x86
		{A03A7BB2-4F0B-467B-84B2-9A76E6AAE6FB}.Release|x86.Build.0 = Release|x86
	EndGlobalSection
	GlobalSection(SolutionProperties) = preSolution
		HideSolutionNode = FALSE
	EndGlobalSection
	GlobalSection(ExtensibilityGlobals) = postSolution
		EnterpriseLibraryConfigurationToolBinariesPathV6 = packages\EnterpriseLibrary.TransientFaultHandling.6.0.1304.0\lib\portable-net45+win+wp8;packages\EnterpriseLibrary.TransientFaultHandling.Data.6.0.1304.1\lib\NET45
	EndGlobalSection
EndGlobal
